// !$*UTF8*$!
{
	archiveVersion = 1;
	classes = {
	};
	objectVersion = 77;
	objects = {

/* Begin PBXContainerItemProxy section */
		8A61359C2D22D7820025EA4D /* PBXContainerItemProxy */ = {
			isa = PBXContainerItemProxy;
			containerPortal = 8A61357A2D22D7800025EA4D /* Project object */;
			proxyType = 1;
			remoteGlobalIDString = 8A6135812D22D7800025EA4D;
			remoteInfo = AdvancedUIKitSample;
		};
		8A6135A62D22D7820025EA4D /* PBXContainerItemProxy */ = {
			isa = PBXContainerItemProxy;
			containerPortal = 8A61357A2D22D7800025EA4D /* Project object */;
			proxyType = 1;
			remoteGlobalIDString = 8A6135812D22D7800025EA4D;
			remoteInfo = AdvancedUIKitSample;
		};
/* End PBXContainerItemProxy section */

/* Begin PBXFileReference section */
		8A6135822D22D7800025EA4D /* AdvancedUIKitSample.app */ = {isa = PBXFileReference; explicitFileType = wrapper.application; includeInIndex = 0; path = AdvancedUIKitSample.app; sourceTree = BUILT_PRODUCTS_DIR; };
		8A61359B2D22D7820025EA4D /* AdvancedUIKitSampleTests.xctest */ = {isa = PBXFileReference; explicitFileType = wrapper.cfbundle; includeInIndex = 0; path = AdvancedUIKitSampleTests.xctest; sourceTree = BUILT_PRODUCTS_DIR; };
		8A6135A52D22D7820025EA4D /* AdvancedUIKitSampleUITests.xctest */ = {isa = PBXFileReference; explicitFileType = wrapper.cfbundle; includeInIndex = 0; path = AdvancedUIKitSampleUITests.xctest; sourceTree = BUILT_PRODUCTS_DIR; };
/* End PBXFileReference section */

/* Begin PBXFileSystemSynchronizedBuildFileExceptionSet section */
		8A6135AD2D22D7820025EA4D /* Exceptions for "AdvancedUIKitSample" folder in "AdvancedUIKitSample" target */ = {
			isa = PBXFileSystemSynchronizedBuildFileExceptionSet;
			membershipExceptions = (
				Info.plist,
			);
			target = 8A6135812D22D7800025EA4D /* AdvancedUIKitSample */;
		};
/* End PBXFileSystemSynchronizedBuildFileExceptionSet section */

/* Begin PBXFileSystemSynchronizedRootGroup section */
		8A6135842D22D7800025EA4D /* AdvancedUIKitSample */ = {
			isa = PBXFileSystemSynchronizedRootGroup;
			exceptions = (
				8A6135AD2D22D7820025EA4D /* Exceptions for "AdvancedUIKitSample" folder in "AdvancedUIKitSample" target */,
			);
			path = AdvancedUIKitSample;
			sourceTree = "<group>";
		};
		8A61359E2D22D7820025EA4D /* AdvancedUIKitSampleTests */ = {
			isa = PBXFileSystemSynchronizedRootGroup;
			path = AdvancedUIKitSampleTests;
			sourceTree = "<group>";
		};
		8A6135A82D22D7820025EA4D /* AdvancedUIKitSampleUITests */ = {
			isa = PBXFileSystemSynchronizedRootGroup;
			path = AdvancedUIKitSampleUITests;
			sourceTree = "<group>";
		};
/* End PBXFileSystemSynchronizedRootGroup section */

/* Begin PBXFrameworksBuildPhase section */
		8A61357F2D22D7800025EA4D /* Frameworks */ = {
			isa = PBXFrameworksBuildPhase;
			buildActionMask = 2147483647;
			files = (
			);
			runOnlyForDeploymentPostprocessing = 0;
		};
		8A6135982D22D7820025EA4D /* Frameworks */ = {
			isa = PBXFrameworksBuildPhase;
			buildActionMask = 2147483647;
			files = (
			);
			runOnlyForDeploymentPostprocessing = 0;
		};
		8A6135A22D22D7820025EA4D /* Frameworks */ = {
			isa = PBXFrameworksBuildPhase;
			buildActionMask = 2147483647;
			files = (
			);
			runOnlyForDeploymentPostprocessing = 0;
		};
/* End PBXFrameworksBuildPhase section */

/* Begin PBXGroup section */
		8A6135792D22D7800025EA4D = {
			isa = PBXGroup;
			children = (
				8A6135842D22D7800025EA4D /* AdvancedUIKitSample */,
				8A61359E2D22D7820025EA4D /* AdvancedUIKitSampleTests */,
				8A6135A82D22D7820025EA4D /* AdvancedUIKitSampleUITests */,
				8A6135832D22D7800025EA4D /* Products */,
			);
			sourceTree = "<group>";
		};
		8A6135832D22D7800025EA4D /* Products */ = {
			isa = PBXGroup;
			children = (
				8A6135822D22D7800025EA4D /* AdvancedUIKitSample.app */,
				8A61359B2D22D7820025EA4D /* AdvancedUIKitSampleTests.xctest */,
				8A6135A52D22D7820025EA4D /* AdvancedUIKitSampleUITests.xctest */,
			);
			name = Products;
			sourceTree = "<group>";
		};
/* End PBXGroup section */

/* Begin PBXNativeTarget section */
		8A6135812D22D7800025EA4D /* AdvancedUIKitSample */ = {
			isa = PBXNativeTarget;
			buildConfigurationList = 8A6135AE2D22D7820025EA4D /* Build configuration list for PBXNativeTarget "AdvancedUIKitSample" */;
			buildPhases = (
				8A61357E2D22D7800025EA4D /* Sources */,
				8A61357F2D22D7800025EA4D /* Frameworks */,
				8A6135802D22D7800025EA4D /* Resources */,
			);
			buildRules = (
			);
			dependencies = (
			);
			fileSystemSynchronizedGroups = (
				8A6135842D22D7800025EA4D /* AdvancedUIKitSample */,
			);
			name = AdvancedUIKitSample;
			packageProductDependencies = (
			);
			productName = AdvancedUIKitSample;
			productReference = 8A6135822D22D7800025EA4D /* AdvancedUIKitSample.app */;
			productType = "com.apple.product-type.application";
		};
		8A61359A2D22D7820025EA4D /* AdvancedUIKitSampleTests */ = {
			isa = PBXNativeTarget;
			buildConfigurationList = 8A6135B32D22D7820025EA4D /* Build configuration list for PBXNativeTarget "AdvancedUIKitSampleTests" */;
			buildPhases = (
				8A6135972D22D7820025EA4D /* Sources */,
				8A6135982D22D7820025EA4D /* Frameworks */,
				8A6135992D22D7820025EA4D /* Resources */,
			);
			buildRules = (
			);
			dependencies = (
				8A61359D2D22D7820025EA4D /* PBXTargetDependency */,
			);
			fileSystemSynchronizedGroups = (
				8A61359E2D22D7820025EA4D /* AdvancedUIKitSampleTests */,
			);
			name = AdvancedUIKitSampleTests;
			packageProductDependencies = (
			);
			productName = AdvancedUIKitSampleTests;
			productReference = 8A61359B2D22D7820025EA4D /* AdvancedUIKitSampleTests.xctest */;
			productType = "com.apple.product-type.bundle.unit-test";
		};
		8A6135A42D22D7820025EA4D /* AdvancedUIKitSampleUITests */ = {
			isa = PBXNativeTarget;
			buildConfigurationList = 8A6135B62D22D7820025EA4D /* Build configuration list for PBXNativeTarget "AdvancedUIKitSampleUITests" */;
			buildPhases = (
				8A6135A12D22D7820025EA4D /* Sources */,
				8A6135A22D22D7820025EA4D /* Frameworks */,
				8A6135A32D22D7820025EA4D /* Resources */,
			);
			buildRules = (
			);
			dependencies = (
				8A6135A72D22D7820025EA4D /* PBXTargetDependency */,
			);
			fileSystemSynchronizedGroups = (
				8A6135A82D22D7820025EA4D /* AdvancedUIKitSampleUITests */,
			);
			name = AdvancedUIKitSampleUITests;
			packageProductDependencies = (
			);
			productName = AdvancedUIKitSampleUITests;
			productReference = 8A6135A52D22D7820025EA4D /* AdvancedUIKitSampleUITests.xctest */;
			productType = "com.apple.product-type.bundle.ui-testing";
		};
/* End PBXNativeTarget section */

/* Begin PBXProject section */
		8A61357A2D22D7800025EA4D /* Project object */ = {
			isa = PBXProject;
			attributes = {
				BuildIndependentTargetsInParallel = 1;
				LastSwiftUpdateCheck = 1610;
				LastUpgradeCheck = 1610;
				TargetAttributes = {
					8A6135812D22D7800025EA4D = {
						CreatedOnToolsVersion = 16.1;
					};
					8A61359A2D22D7820025EA4D = {
						CreatedOnToolsVersion = 16.1;
						TestTargetID = 8A6135812D22D7800025EA4D;
					};
					8A6135A42D22D7820025EA4D = {
						CreatedOnToolsVersion = 16.1;
						TestTargetID = 8A6135812D22D7800025EA4D;
					};
				};
			};
			buildConfigurationList = 8A61357D2D22D7800025EA4D /* Build configuration list for PBXProject "AdvancedUIKitSample" */;
			developmentRegion = en;
			hasScannedForEncodings = 0;
			knownRegions = (
				en,
				Base,
			);
			mainGroup = 8A6135792D22D7800025EA4D;
			minimizedProjectReferenceProxies = 1;
			preferredProjectObjectVersion = 77;
			productRefGroup = 8A6135832D22D7800025EA4D /* Products */;
			projectDirPath = "";
			projectRoot = "";
			targets = (
				8A6135812D22D7800025EA4D /* AdvancedUIKitSample */,
				8A61359A2D22D7820025EA4D /* AdvancedUIKitSampleTests */,
				8A6135A42D22D7820025EA4D /* AdvancedUIKitSampleUITests */,
			);
		};
/* End PBXProject section */

/* Begin PBXResourcesBuildPhase section */
		8A6135802D22D7800025EA4D /* Resources */ = {
			isa = PBXResourcesBuildPhase;
			buildActionMask = 2147483647;
			files = (
			);
			runOnlyForDeploymentPostprocessing = 0;
		};
		8A6135992D22D7820025EA4D /* Resources */ = {
			isa = PBXResourcesBuildPhase;
			buildActionMask = 2147483647;
			files = (
			);
			runOnlyForDeploymentPostprocessing = 0;
		};
		8A6135A32D22D7820025EA4D /* Resources */ = {
			isa = PBXResourcesBuildPhase;
			buildActionMask = 2147483647;
			files = (
			);
			runOnlyForDeploymentPostprocessing = 0;
		};
/* End PBXResourcesBuildPhase section */

/* Begin PBXSourcesBuildPhase section */
		8A61357E2D22D7800025EA4D /* Sources */ = {
			isa = PBXSourcesBuildPhase;
			buildActionMask = 2147483647;
			files = (
			);
			runOnlyForDeploymentPostprocessing = 0;
		};
		8A6135972D22D7820025EA4D /* Sources */ = {
			isa = PBXSourcesBuildPhase;
			buildActionMask = 2147483647;
			files = (
			);
			runOnlyForDeploymentPostprocessing = 0;
		};
		8A6135A12D22D7820025EA4D /* Sources */ = {
			isa = PBXSourcesBuildPhase;
			buildActionMask = 2147483647;
			files = (
			);
			runOnlyForDeploymentPostprocessing = 0;
		};
/* End PBXSourcesBuildPhase section */

/* Begin PBXTargetDependency section */
		8A61359D2D22D7820025EA4D /* PBXTargetDependency */ = {
			isa = PBXTargetDependency;
			target = 8A6135812D22D7800025EA4D /* AdvancedUIKitSample */;
			targetProxy = 8A61359C2D22D7820025EA4D /* PBXContainerItemProxy */;
		};
		8A6135A72D22D7820025EA4D /* PBXTargetDependency */ = {
			isa = PBXTargetDependency;
			target = 8A6135812D22D7800025EA4D /* AdvancedUIKitSample */;
			targetProxy = 8A6135A62D22D7820025EA4D /* PBXContainerItemProxy */;
		};
/* End PBXTargetDependency section */

/* Begin XCBuildConfiguration section */
		8A6135AF2D22D7820025EA4D /* Debug */ = {
			isa = XCBuildConfiguration;
			buildSettings = {
				ASSETCATALOG_COMPILER_APPICON_NAME = AppIcon;
				ASSETCATALOG_COMPILER_GLOBAL_ACCENT_COLOR_NAME = AccentColor;
				CODE_SIGN_STYLE = Automatic;
				CURRENT_PROJECT_VERSION = 1;
				GENERATE_INFOPLIST_FILE = YES;
				INFOPLIST_FILE = AdvancedUIKitSample/Info.plist;
				INFOPLIST_KEY_UIApplicationSupportsIndirectInputEvents = YES;
				INFOPLIST_KEY_UILaunchStoryboardName = LaunchScreen;
				INFOPLIST_KEY_UIMainStoryboardFile = Main;
				INFOPLIST_KEY_UISupportedInterfaceOrientations_iPad = "UIInterfaceOrientationPortrait UIInterfaceOrientationPortraitUpsideDown UIInterfaceOrientationLandscapeLeft UIInterfaceOrientationLandscapeRight";
				INFOPLIST_KEY_UISupportedInterfaceOrientations_iPhone = "UIInterfaceOrientationPortrait UIInterfaceOrientationLandscapeLeft UIInterfaceOrientationLandscapeRight";
				LD_RUNPATH_SEARCH_PATHS = (
					"$(inherited)",
					"@executable_path/Frameworks",
				);
				MARKETING_VERSION = 1.0;
				PRODUCT_BUNDLE_IDENTIFIER = com.forgenator.AdvancedUIKitSample;
				PRODUCT_NAME = "$(TARGET_NAME)";
				SWIFT_EMIT_LOC_STRINGS = YES;
				SWIFT_VERSION = 5.0;
				TARGETED_DEVICE_FAMILY = "1,2";
			};
			name = Debug;
		};
		8A6135B02D22D7820025EA4D /* Release */ = {
			isa = XCBuildConfiguration;
			buildSettings = {
				ASSETCATALOG_COMPILER_APPICON_NAME = AppIcon;
				ASSETCATALOG_COMPILER_GLOBAL_ACCENT_COLOR_NAME = AccentColor;
				CODE_SIGN_STYLE = Automatic;
				CURRENT_PROJECT_VERSION = 1;
				GENERATE_INFOPLIST_FILE = YES;
				INFOPLIST_FILE = AdvancedUIKitSample/Info.plist;
				INFOPLIST_KEY_UIApplicationSupportsIndirectInputEvents = YES;
				INFOPLIST_KEY_UILaunchStoryboardName = LaunchScreen;
				INFOPLIST_KEY_UIMainStoryboardFile = Main;
				INFOPLIST_KEY_UISupportedInterfaceOrientations_iPad = "UIInterfaceOrientationPortrait UIInterfaceOrientationPortraitUpsideDown UIInterfaceOrientationLandscapeLeft UIInterfaceOrientationLandscapeRight";
				INFOPLIST_KEY_UISupportedInterfaceOrientations_iPhone = "UIInterfaceOrientationPortrait UIInterfaceOrientationLandscapeLeft UIInterfaceOrientationLandscapeRight";
				LD_RUNPATH_SEARCH_PATHS = (
					"$(inherited)",
					"@executable_path/Frameworks",
				);
				MARKETING_VERSION = 1.0;
				PRODUCT_BUNDLE_IDENTIFIER = com.forgenator.AdvancedUIKitSample;
				PRODUCT_NAME = "$(TARGET_NAME)";
				SWIFT_EMIT_LOC_STRINGS = YES;
				SWIFT_VERSION = 5.0;
				TARGETED_DEVICE_FAMILY = "1,2";
			};
			name = Release;
		};
		8A6135B12D22D7820025EA4D /* Debug */ = {
			isa = XCBuildConfiguration;
			buildSettings = {
				ALWAYS_SEARCH_USER_PATHS = NO;
				ASSETCATALOG_COMPILER_GENERATE_SWIFT_ASSET_SYMBOL_EXTENSIONS = YES;
				CLANG_ANALYZER_NONNULL = YES;
				CLANG_ANALYZER_NUMBER_OBJECT_CONVERSION = YES_AGGRESSIVE;
				CLANG_CXX_LANGUAGE_STANDARD = "gnu++20";
				CLANG_ENABLE_MODULES = YES;
				CLANG_ENABLE_OBJC_ARC = YES;
				CLANG_ENABLE_OBJC_WEAK = YES;
				CLANG_WARN_BLOCK_CAPTURE_AUTORELEASING = YES;
				CLANG_WARN_BOOL_CONVERSION = YES;
				CLANG_WARN_COMMA = YES;
				CLANG_WARN_CONSTANT_CONVERSION = YES;
				CLANG_WARN_DEPRECATED_OBJC_IMPLEMENTATIONS = YES;
				CLANG_WARN_DIRECT_OBJC_ISA_USAGE = YES_ERROR;
				CLANG_WARN_DOCUMENTATION_COMMENTS = YES;
				CLANG_WARN_EMPTY_BODY = YES;
				CLANG_WARN_ENUM_CONVERSION = YES;
				CLANG_WARN_INFINITE_RECURSION = YES;
				CLANG_WARN_INT_CONVERSION = YES;
				CLANG_WARN_NON_LITERAL_NULL_CONVERSION = YES;
				CLANG_WARN_OBJC_IMPLICIT_RETAIN_SELF = YES;
				CLANG_WARN_OBJC_LITERAL_CONVERSION = YES;
				CLANG_WARN_OBJC_ROOT_CLASS = YES_ERROR;
				CLANG_WARN_QUOTED_INCLUDE_IN_FRAMEWORK_HEADER = YES;
				CLANG_WARN_RANGE_LOOP_ANALYSIS = YES;
				CLANG_WARN_STRICT_PROTOTYPES = YES;
				CLANG_WARN_SUSPICIOUS_MOVE = YES;
				CLANG_WARN_UNGUARDED_AVAILABILITY = YES_AGGRESSIVE;
				CLANG_WARN_UNREACHABLE_CODE = YES;
				CLANG_WARN__DUPLICATE_METHOD_MATCH = YES;
				COPY_PHASE_STRIP = NO;
				DEBUG_INFORMATION_FORMAT = dwarf;
				ENABLE_STRICT_OBJC_MSGSEND = YES;
				ENABLE_TESTABILITY = YES;
				ENABLE_USER_SCRIPT_SANDBOXING = YES;
				GCC_C_LANGUAGE_STANDARD = gnu17;
				GCC_DYNAMIC_NO_PIC = NO;
				GCC_NO_COMMON_BLOCKS = YES;
				GCC_OPTIMIZATION_LEVEL = 0;
				GCC_PREPROCESSOR_DEFINITIONS = (
					"DEBUG=1",
					"$(inherited)",
				);
				GCC_WARN_64_TO_32_BIT_CONVERSION = YES;
				GCC_WARN_ABOUT_RETURN_TYPE = YES_ERROR;
				GCC_WARN_UNDECLARED_SELECTOR = YES;
				GCC_WARN_UNINITIALIZED_AUTOS = YES_AGGRESSIVE;
				GCC_WARN_UNUSED_FUNCTION = YES;
				GCC_WARN_UNUSED_VARIABLE = YES;
				IPHONEOS_DEPLOYMENT_TARGET = 18.1;
				LOCALIZATION_PREFERS_STRING_CATALOGS = YES;
				MTL_ENABLE_DEBUG_INFO = INCLUDE_SOURCE;
				MTL_FAST_MATH = YES;
				ONLY_ACTIVE_ARCH = YES;
				SDKROOT = iphoneos;
				SWIFT_ACTIVE_COMPILATION_CONDITIONS = "DEBUG $(inherited)";
				SWIFT_OPTIMIZATION_LEVEL = "-Onone";
			};
			name = Debug;
		};
		8A6135B22D22D7820025EA4D /* Release */ = {
			isa = XCBuildConfiguration;
			buildSettings = {
				ALWAYS_SEARCH_USER_PATHS = NO;
				ASSETCATALOG_COMPILER_GENERATE_SWIFT_ASSET_SYMBOL_EXTENSIONS = YES;
				CLANG_ANALYZER_NONNULL = YES;
				CLANG_ANALYZER_NUMBER_OBJECT_CONVERSION = YES_AGGRESSIVE;
				CLANG_CXX_LANGUAGE_STANDARD = "gnu++20";
				CLANG_ENABLE_MODULES = YES;
				CLANG_ENABLE_OBJC_ARC = YES;
				CLANG_ENABLE_OBJC_WEAK = YES;
				CLANG_WARN_BLOCK_CAPTURE_AUTORELEASING = YES;
				CLANG_WARN_BOOL_CONVERSION = YES;
				CLANG_WARN_COMMA = YES;
				CLANG_WARN_CONSTANT_CONVERSION = YES;
				CLANG_WARN_DEPRECATED_OBJC_IMPLEMENTATIONS = YES;
				CLANG_WARN_DIRECT_OBJC_ISA_USAGE = YES_ERROR;
				CLANG_WARN_DOCUMENTATION_COMMENTS = YES;
				CLANG_WARN_EMPTY_BODY = YES;
				CLANG_WARN_ENUM_CONVERSION = YES;
				CLANG_WARN_INFINITE_RECURSION = YES;
				CLANG_WARN_INT_CONVERSION = YES;
				CLANG_WARN_NON_LITERAL_NULL_CONVERSION = YES;
				CLANG_WARN_OBJC_IMPLICIT_RETAIN_SELF = YES;
				CLANG_WARN_OBJC_LITERAL_CONVERSION = YES;
				CLANG_WARN_OBJC_ROOT_CLASS = YES_ERROR;
				CLANG_WARN_QUOTED_INCLUDE_IN_FRAMEWORK_HEADER = YES;
				CLANG_WARN_RANGE_LOOP_ANALYSIS = YES;
				CLANG_WARN_STRICT_PROTOTYPES = YES;
				CLANG_WARN_SUSPICIOUS_MOVE = YES;
				CLANG_WARN_UNGUARDED_AVAILABILITY = YES_AGGRESSIVE;
				CLANG_WARN_UNREACHABLE_CODE = YES;
				CLANG_WARN__DUPLICATE_METHOD_MATCH = YES;
				COPY_PHASE_STRIP = NO;
				DEBUG_INFORMATION_FORMAT = "dwarf-with-dsym";
				ENABLE_NS_ASSERTIONS = NO;
				ENABLE_STRICT_OBJC_MSGSEND = YES;
				ENABLE_USER_SCRIPT_SANDBOXING = YES;
				GCC_C_LANGUAGE_STANDARD = gnu17;
				GCC_NO_COMMON_BLOCKS = YES;
				GCC_WARN_64_TO_32_BIT_CONVERSION = YES;
				GCC_WARN_ABOUT_RETURN_TYPE = YES_ERROR;
				GCC_WARN_UNDECLARED_SELECTOR = YES;
				GCC_WARN_UNINITIALIZED_AUTOS = YES_AGGRESSIVE;
				GCC_WARN_UNUSED_FUNCTION = YES;
				GCC_WARN_UNUSED_VARIABLE = YES;
				IPHONEOS_DEPLOYMENT_TARGET = 18.1;
				LOCALIZATION_PREFERS_STRING_CATALOGS = YES;
				MTL_ENABLE_DEBUG_INFO = NO;
				MTL_FAST_MATH = YES;
				SDKROOT = iphoneos;
				SWIFT_COMPILATION_MODE = wholemodule;
				VALIDATE_PRODUCT = YES;
			};
			name = Release;
		};
		8A6135B42D22D7820025EA4D /* Debug */ = {
			isa = XCBuildConfiguration;
			buildSettings = {
				BUNDLE_LOADER = "$(TEST_HOST)";
				CODE_SIGN_STYLE = Automatic;
				CURRENT_PROJECT_VERSION = 1;
				GENERATE_INFOPLIST_FILE = YES;
				IPHONEOS_DEPLOYMENT_TARGET = 18.1;
				MARKETING_VERSION = 1.0;
				PRODUCT_BUNDLE_IDENTIFIER = com.forgenator.AdvancedUIKitSampleTests;
				PRODUCT_NAME = "$(TARGET_NAME)";
				SWIFT_EMIT_LOC_STRINGS = NO;
				SWIFT_VERSION = 5.0;
				TARGETED_DEVICE_FAMILY = "1,2";
				TEST_HOST = "$(BUILT_PRODUCTS_DIR)/AdvancedUIKitSample.app/$(BUNDLE_EXECUTABLE_FOLDER_PATH)/AdvancedUIKitSample";
			};
			name = Debug;
		};
		8A6135B52D22D7820025EA4D /* Release */ = {
			isa = XCBuildConfiguration;
			buildSettings = {
				BUNDLE_LOADER = "$(TEST_HOST)";
				CODE_SIGN_STYLE = Automatic;
				CURRENT_PROJECT_VERSION = 1;
				GENERATE_INFOPLIST_FILE = YES;
				IPHONEOS_DEPLOYMENT_TARGET = 18.1;
				MARKETING_VERSION = 1.0;
				PRODUCT_BUNDLE_IDENTIFIER = com.forgenator.AdvancedUIKitSampleTests;
				PRODUCT_NAME = "$(TARGET_NAME)";
				SWIFT_EMIT_LOC_STRINGS = NO;
				SWIFT_VERSION = 5.0;
				TARGETED_DEVICE_FAMILY = "1,2";
				TEST_HOST = "$(BUILT_PRODUCTS_DIR)/AdvancedUIKitSample.app/$(BUNDLE_EXECUTABLE_FOLDER_PATH)/AdvancedUIKitSample";
			};
			name = Release;
		};
		8A6135B72D22D7820025EA4D /* Debug */ = {
			isa = XCBuildConfiguration;
			buildSettings = {
				CODE_SIGN_STYLE = Automatic;
				CURRENT_PROJECT_VERSION = 1;
				GENERATE_INFOPLIST_FILE = YES;
				MARKETING_VERSION = 1.0;
				PRODUCT_BUNDLE_IDENTIFIER = com.forgenator.AdvancedUIKitSampleUITests;
				PRODUCT_NAME = "$(TARGET_NAME)";
				SWIFT_EMIT_LOC_STRINGS = NO;
				SWIFT_VERSION = 5.0;
				TARGETED_DEVICE_FAMILY = "1,2";
				TEST_TARGET_NAME = AdvancedUIKitSample;
			};
			name = Debug;
		};
		8A6135B82D22D7820025EA4D /* Release */ = {
			isa = XCBuildConfiguration;
			buildSettings = {
				CODE_SIGN_STYLE = Automatic;
				CURRENT_PROJECT_VERSION = 1;
				GENERATE_INFOPLIST_FILE = YES;
				MARKETING_VERSION = 1.0;
				PRODUCT_BUNDLE_IDENTIFIER = com.forgenator.AdvancedUIKitSampleUITests;
				PRODUCT_NAME = "$(TARGET_NAME)";
				SWIFT_EMIT_LOC_STRINGS = NO;
				SWIFT_VERSION = 5.0;
				TARGETED_DEVICE_FAMILY = "1,2";
				TEST_TARGET_NAME = AdvancedUIKitSample;
			};
			name = Release;
		};
/* End XCBuildConfiguration section */

/* Begin XCConfigurationList section */
		8A61357D2D22D7800025EA4D /* Build configuration list for PBXProject "AdvancedUIKitSample" */ = {
			isa = XCConfigurationList;
			buildConfigurations = (
				8A6135B12D22D7820025EA4D /* Debug */,
				8A6135B22D22D7820025EA4D /* Release */,
			);
			defaultConfigurationIsVisible = 0;
			defaultConfigurationName = Release;
		};
		8A6135AE2D22D7820025EA4D /* Build configuration list for PBXNativeTarget "AdvancedUIKitSample" */ = {
			isa = XCConfigurationList;
			buildConfigurations = (
				8A6135AF2D22D7820025EA4D /* Debug */,
				8A6135B02D22D7820025EA4D /* Release */,
			);
			defaultConfigurationIsVisible = 0;
			defaultConfigurationName = Release;
		};
		8A6135B32D22D7820025EA4D /* Build configuration list for PBXNativeTarget "AdvancedUIKitSampleTests" */ = {
			isa = XCConfigurationList;
			buildConfigurations = (
				8A6135B42D22D7820025EA4D /* Debug */,
				8A6135B52D22D7820025EA4D /* Release */,
			);
			defaultConfigurationIsVisible = 0;
			defaultConfigurationName = Release;
		};
		8A6135B62D22D7820025EA4D /* Build configuration list for PBXNativeTarget "AdvancedUIKitSampleUITests" */ = {
			isa = XCConfigurationList;
			buildConfigurations = (
				8A6135B72D22D7820025EA4D /* Debug */,
				8A6135B82D22D7820025EA4D /* Release */,
			);
			defaultConfigurationIsVisible = 0;
			defaultConfigurationName = Release;
		};
/* End XCConfigurationList section */
	};
	rootObject = 8A61357A2D22D7800025EA4D /* Project object */;
}
